// !$*UTF8*$!
{
	archiveVersion = 1;
	classes = {
	};
	objectVersion = 77;
	objects = {

/* Begin PBXBuildFile section */
		191D6D242F9243F800B7ED3A /* docker-compose.yml in Resources */ = {isa = PBXBuildFile; fileRef = 191D6D232F9243E600B7ED3A /* docker-compose.yml */; };
		191D75A52F9254DA00B7ED3A /* .gitignore in Resources */ = {isa = PBXBuildFile; fileRef = 191D75A42F9254D500B7ED3A /* .gitignore */; };
/* End PBXBuildFile section */

/* Begin PBXContainerItemProxy section */
		1704710F2F7D919900BF1429 /* PBXContainerItemProxy */ = {
			isa = PBXContainerItemProxy;
			containerPortal = 170470F92F7D919700BF1429 /* Project object */;
			proxyType = 1;
			remoteGlobalIDString = 170471002F7D919700BF1429;
			remoteInfo = "pursootapp-ios";
		};
		170471192F7D919900BF1429 /* PBXContainerItemProxy */ = {
			isa = PBXContainerItemProxy;
			containerPortal = 170470F92F7D919700BF1429 /* Project object */;
			proxyType = 1;
			remoteGlobalIDString = 170471002F7D919700BF1429;
			remoteInfo = "pursootapp-ios";
		};
/* End PBXContainerItemProxy section */

/* Begin PBXFileReference section */
		170471012F7D919700BF1429 /* pursootapp-ios.app */ = {isa = PBXFileReference; explicitFileType = wrapper.application; includeInIndex = 0; path = "pursootapp-ios.app"; sourceTree = BUILT_PRODUCTS_DIR; };
		1704710E2F7D919900BF1429 /* pursootapp-iosTests.xctest */ = {isa = PBXFileReference; explicitFileType = wrapper.cfbundle; includeInIndex = 0; path = "pursootapp-iosTests.xctest"; sourceTree = BUILT_PRODUCTS_DIR; };
		170471182F7D919900BF1429 /* pursootapp-iosUITests.xctest */ = {isa = PBXFileReference; explicitFileType = wrapper.cfbundle; includeInIndex = 0; path = "pursootapp-iosUITests.xctest"; sourceTree = BUILT_PRODUCTS_DIR; };
		191D6D232F9243E600B7ED3A /* docker-compose.yml */ = {isa = PBXFileReference; lastKnownFileType = text.yaml; path = "docker-compose.yml"; sourceTree = "<group>"; };
		191D75A42F9254D500B7ED3A /* .gitignore */ = {isa = PBXFileReference; lastKnownFileType = text; path = .gitignore; sourceTree = "<group>"; };
/* End PBXFileReference section */

/* Begin PBXFileSystemSynchronizedBuildFileExceptionSet section */
		170F76DB2F8BC1EC00AC7539 /* Exceptions for "pursootapp-ios" folder in "pursootapp-ios" target */ = {
			isa = PBXFileSystemSynchronizedBuildFileExceptionSet;
			membershipExceptions = (
				Info.plist,
			);
			target = 170471002F7D919700BF1429 /* pursootapp-ios */;
		};
/* End PBXFileSystemSynchronizedBuildFileExceptionSet section */

/* Begin PBXFileSystemSynchronizedRootGroup section */
		170471032F7D919700BF1429 /* pursootapp-ios */ = {
			isa = PBXFileSystemSynchronizedRootGroup;
			exceptions = (
				170F76DB2F8BC1EC00AC7539 /* Exceptions for "pursootapp-ios" folder in "pursootapp-ios" target */,
			);
			path = "pursootapp-ios";
			sourceTree = "<group>";
		};
		170471112F7D919900BF1429 /* pursootapp-iosTests */ = {
			isa = PBXFileSystemSynchronizedRootGroup;
			path = "pursootapp-iosTests";
			sourceTree = "<group>";
		};
		1704711B2F7D919900BF1429 /* pursootapp-iosUITests */ = {
			isa = PBXFileSystemSynchronizedRootGroup;
			path = "pursootapp-iosUITests";
			sourceTree = "<group>";
		};
		191D6D262F92473800B7ED3A /* pursoot-backend */ = {
			isa = PBXFileSystemSynchronizedRootGroup;
			path = "pursoot-backend";
			sourceTree = "<group>";
		};
/* End PBXFileSystemSynchronizedRootGroup section */

/* Begin PBXFrameworksBuildPhase section */
		170470FE2F7D919700BF1429 /* Frameworks */ = {
			isa = PBXFrameworksBuildPhase;
			buildActionMask = 2147483647;
			files = (
			);
			runOnlyForDeploymentPostprocessing = 0;
		};
		1704710B2F7D919900BF1429 /* Frameworks */ = {
			isa = PBXFrameworksBuildPhase;
			buildActionMask = 2147483647;
			files = (
			);
			runOnlyForDeploymentPostprocessing = 0;
		};
		170471152F7D919900BF1429 /* Frameworks */ = {
			isa = PBXFrameworksBuildPhase;
			buildActionMask = 2147483647;
			files = (
			);
			runOnlyForDeploymentPostprocessing = 0;
		};
/* End PBXFrameworksBuildPhase section */

/* Begin PBXGroup section */
		170470F82F7D919700BF1429 = {
			isa = PBXGroup;
			children = (
				191D75A42F9254D500B7ED3A /* .gitignore */,
				191D6D232F9243E600B7ED3A /* docker-compose.yml */,
				191D6D262F92473800B7ED3A /* pursoot-backend */,
				170471032F7D919700BF1429 /* pursootapp-ios */,
				170471112F7D919900BF1429 /* pursootapp-iosTests */,
				1704711B2F7D919900BF1429 /* pursootapp-iosUITests */,
				170471022F7D919700BF1429 /* Products */,
			);
			sourceTree = "<group>";
		};
		170471022F7D919700BF1429 /* Products */ = {
			isa = PBXGroup;
			children = (
				170471012F7D919700BF1429 /* pursootapp-ios.app */,
				1704710E2F7D919900BF1429 /* pursootapp-iosTests.xctest */,
				170471182F7D919900BF1429 /* pursootapp-iosUITests.xctest */,
			);
			name = Products;
			sourceTree = "<group>";
		};
/* End PBXGroup section */

/* Begin PBXNativeTarget section */
		170471002F7D919700BF1429 /* pursootapp-ios */ = {
			isa = PBXNativeTarget;
			buildConfigurationList = 170471222F7D919900BF1429 /* Build configuration list for PBXNativeTarget "pursootapp-ios" */;
			buildPhases = (
				170470FD2F7D919700BF1429 /* Sources */,
				170470FE2F7D919700BF1429 /* Frameworks */,
				170470FF2F7D919700BF1429 /* Resources */,
			);
			buildRules = (
			);
			dependencies = (
			);
			fileSystemSynchronizedGroups = (
				170471032F7D919700BF1429 /* pursootapp-ios */,
			);
			name = "pursootapp-ios";
			packageProductDependencies = (
			);
			productName = "pursootapp-ios";
			productReference = 170471012F7D919700BF1429 /* pursootapp-ios.app */;
			productType = "com.apple.product-type.application";
		};
		1704710D2F7D919900BF1429 /* pursootapp-iosTests */ = {
			isa = PBXNativeTarget;
			buildConfigurationList = 170471252F7D919900BF1429 /* Build configuration list for PBXNativeTarget "pursootapp-iosTests" */;
			buildPhases = (
				1704710A2F7D919900BF1429 /* Sources */,
				1704710B2F7D919900BF1429 /* Frameworks */,
				1704710C2F7D919900BF1429 /* Resources */,
			);
			buildRules = (
			);
			dependencies = (
				170471102F7D919900BF1429 /* PBXTargetDependency */,
			);
			fileSystemSynchronizedGroups = (
				170471112F7D919900BF1429 /* pursootapp-iosTests */,
			);
			name = "pursootapp-iosTests";
			packageProductDependencies = (
			);
			productName = "pursootapp-iosTests";
			productReference = 1704710E2F7D919900BF1429 /* pursootapp-iosTests.xctest */;
			productType = "com.apple.product-type.bundle.unit-test";
		};
		170471172F7D919900BF1429 /* pursootapp-iosUITests */ = {
			isa = PBXNativeTarget;
			buildConfigurationList = 170471282F7D919900BF1429 /* Build configuration list for PBXNativeTarget "pursootapp-iosUITests" */;
			buildPhases = (
				170471142F7D919900BF1429 /* Sources */,
				170471152F7D919900BF1429 /* Frameworks */,
				170471162F7D919900BF1429 /* Resources */,
			);
			buildRules = (
			);
			dependencies = (
				1704711A2F7D919900BF1429 /* PBXTargetDependency */,
			);
			fileSystemSynchronizedGroups = (
				1704711B2F7D919900BF1429 /* pursootapp-iosUITests */,
			);
			name = "pursootapp-iosUITests";
			packageProductDependencies = (
			);
			productName = "pursootapp-iosUITests";
			productReference = 170471182F7D919900BF1429 /* pursootapp-iosUITests.xctest */;
			productType = "com.apple.product-type.bundle.ui-testing";
		};
/* End PBXNativeTarget section */

/* Begin PBXProject section */
		170470F92F7D919700BF1429 /* Project object */ = {
			isa = PBXProject;
			attributes = {
				BuildIndependentTargetsInParallel = 1;
				LastSwiftUpdateCheck = 1640;
				LastUpgradeCheck = 1640;
				TargetAttributes = {
					170471002F7D919700BF1429 = {
						CreatedOnToolsVersion = 16.4;
					};
					1704710D2F7D919900BF1429 = {
						CreatedOnToolsVersion = 16.4;
						TestTargetID = 170471002F7D919700BF1429;
					};
					170471172F7D919900BF1429 = {
						CreatedOnToolsVersion = 16.4;
						TestTargetID = 170471002F7D919700BF1429;
					};
				};
			};
			buildConfigurationList = 170470FC2F7D919700BF1429 /* Build configuration list for PBXProject "pursootapp-ios" */;
			developmentRegion = en;
			hasScannedForEncodings = 0;
			knownRegions = (
				en,
				Base,
			);
			mainGroup = 170470F82F7D919700BF1429;
			minimizedProjectReferenceProxies = 1;
			preferredProjectObjectVersion = 77;
			productRefGroup = 170471022F7D919700BF1429 /* Products */;
			projectDirPath = "";
			projectRoot = "";
			targets = (
				170471002F7D919700BF1429 /* pursootapp-ios */,
				1704710D2F7D919900BF1429 /* pursootapp-iosTests */,
				170471172F7D919900BF1429 /* pursootapp-iosUITests */,
			);
		};
/* End PBXProject section */

/* Begin PBXResourcesBuildPhase section */
		170470FF2F7D919700BF1429 /* Resources */ = {
			isa = PBXResourcesBuildPhase;
			buildActionMask = 2147483647;
			files = (
				191D6D242F9243F800B7ED3A /* docker-compose.yml in Resources */,
				191D75A52F9254DA00B7ED3A /* .gitignore in Resources */,
			);
			runOnlyForDeploymentPostprocessing = 0;
		};
		1704710C2F7D919900BF1429 /* Resources */ = {
			isa = PBXResourcesBuildPhase;
			buildActionMask = 2147483647;
			files = (
			);
			runOnlyForDeploymentPostprocessing = 0;
		};
		170471162F7D919900BF1429 /* Resources */ = {
			isa = PBXResourcesBuildPhase;
			buildActionMask = 2147483647;
			files = (
			);
			runOnlyForDeploymentPostprocessing = 0;
		};
/* End PBXResourcesBuildPhase section */

/* Begin PBXSourcesBuildPhase section */
		170470FD2F7D919700BF1429 /* Sources */ = {
			isa = PBXSourcesBuildPhase;
			buildActionMask = 2147483647;
			files = (
			);
			runOnlyForDeploymentPostprocessing = 0;
		};
		1704710A2F7D919900BF1429 /* Sources */ = {
			isa = PBXSourcesBuildPhase;
			buildActionMask = 2147483647;
			files = (
			);
			runOnlyForDeploymentPostprocessing = 0;
		};
		170471142F7D919900BF1429 /* Sources */ = {
			isa = PBXSourcesBuildPhase;
			buildActionMask = 2147483647;
			files = (
			);
			runOnlyForDeploymentPostprocessing = 0;
		};
/* End PBXSourcesBuildPhase section */

/* Begin PBXTargetDependency section */
		170471102F7D919900BF1429 /* PBXTargetDependency */ = {
			isa = PBXTargetDependency;
			target = 170471002F7D919700BF1429 /* pursootapp-ios */;
			targetProxy = 1704710F2F7D919900BF1429 /* PBXContainerItemProxy */;
		};
		1704711A2F7D919900BF1429 /* PBXTargetDependency */ = {
			isa = PBXTargetDependency;
			target = 170471002F7D919700BF1429 /* pursootapp-ios */;
			targetProxy = 170471192F7D919900BF1429 /* PBXContainerItemProxy */;
		};
/* End PBXTargetDependency section */

/* Begin XCBuildConfiguration section */
		170471202F7D919900BF1429 /* Debug */ = {
			isa = XCBuildConfiguration;
			buildSettings = {
				ALWAYS_SEARCH_USER_PATHS = NO;
				ASSETCATALOG_COMPILER_GENERATE_SWIFT_ASSET_SYMBOL_EXTENSIONS = YES;
				CLANG_ANALYZER_NONNULL = YES;
				CLANG_ANALYZER_NUMBER_OBJECT_CONVERSION = YES_AGGRESSIVE;
				CLANG_CXX_LANGUAGE_STANDARD = "gnu++20";
				CLANG_ENABLE_MODULES = YES;
				CLANG_ENABLE_OBJC_ARC = YES;
				CLANG_ENABLE_OBJC_WEAK = YES;
				CLANG_WARN_BLOCK_CAPTURE_AUTORELEASING = YES;
				CLANG_WARN_BOOL_CONVERSION = YES;
				CLANG_WARN_COMMA = YES;
				CLANG_WARN_CONSTANT_CONVERSION = YES;
				CLANG_WARN_DEPRECATED_OBJC_IMPLEMENTATIONS = YES;
				CLANG_WARN_DIRECT_OBJC_ISA_USAGE = YES_ERROR;
				CLANG_WARN_DOCUMENTATION_COMMENTS = YES;
				CLANG_WARN_EMPTY_BODY = YES;
				CLANG_WARN_ENUM_CONVERSION = YES;
				CLANG_WARN_INFINITE_RECURSION = YES;
				CLANG_WARN_INT_CONVERSION = YES;
				CLANG_WARN_NON_LITERAL_NULL_CONVERSION = YES;
				CLANG_WARN_OBJC_IMPLICIT_RETAIN_SELF = YES;
				CLANG_WARN_OBJC_LITERAL_CONVERSION = YES;
				CLANG_WARN_OBJC_ROOT_CLASS = YES_ERROR;
				CLANG_WARN_QUOTED_INCLUDE_IN_FRAMEWORK_HEADER = YES;
				CLANG_WARN_RANGE_LOOP_ANALYSIS = YES;
				CLANG_WARN_STRICT_PROTOTYPES = YES;
				CLANG_WARN_SUSPICIOUS_MOVE = YES;
				CLANG_WARN_UNGUARDED_AVAILABILITY = YES_AGGRESSIVE;
				CLANG_WARN_UNREACHABLE_CODE = YES;
				CLANG_WARN__DUPLICATE_METHOD_MATCH = YES;
				COPY_PHASE_STRIP = NO;
				DEBUG_INFORMATION_FORMAT = dwarf;
				DEVELOPMENT_TEAM = 533642PZAM;
				ENABLE_STRICT_OBJC_MSGSEND = YES;
				ENABLE_TESTABILITY = YES;
				ENABLE_USER_SCRIPT_SANDBOXING = YES;
				GCC_C_LANGUAGE_STANDARD = gnu17;
				GCC_DYNAMIC_NO_PIC = NO;
				GCC_NO_COMMON_BLOCKS = YES;
				GCC_OPTIMIZATION_LEVEL = 0;
				GCC_PREPROCESSOR_DEFINITIONS = (
					"DEBUG=1",
					"$(inherited)",
				);
				GCC_WARN_64_TO_32_BIT_CONVERSION = YES;
				GCC_WARN_ABOUT_RETURN_TYPE = YES_ERROR;
				GCC_WARN_UNDECLARED_SELECTOR = YES;
				GCC_WARN_UNINITIALIZED_AUTOS = YES_AGGRESSIVE;
				GCC_WARN_UNUSED_FUNCTION = YES;
				GCC_WARN_UNUSED_VARIABLE = YES;
				IPHONEOS_DEPLOYMENT_TARGET = 18.5;
				LOCALIZATION_PREFERS_STRING_CATALOGS = YES;
				MTL_ENABLE_DEBUG_INFO = INCLUDE_SOURCE;
				MTL_FAST_MATH = YES;
				ONLY_ACTIVE_ARCH = YES;
				SDKROOT = iphoneos;
				SWIFT_ACTIVE_COMPILATION_CONDITIONS = "DEBUG $(inherited)";
				SWIFT_OPTIMIZATION_LEVEL = "-Onone";
			};
			name = Debug;
		};
		170471212F7D919900BF1429 /* Release */ = {
			isa = XCBuildConfiguration;
			buildSettings = {
				ALWAYS_SEARCH_USER_PATHS = NO;
				ASSETCATALOG_COMPILER_GENERATE_SWIFT_ASSET_SYMBOL_EXTENSIONS = YES;
				CLANG_ANALYZER_NONNULL = YES;
				CLANG_ANALYZER_NUMBER_OBJECT_CONVERSION = YES_AGGRESSIVE;
				CLANG_CXX_LANGUAGE_STANDARD = "gnu++20";
				CLANG_ENABLE_MODULES = YES;
				CLANG_ENABLE_OBJC_ARC = YES;
				CLANG_ENABLE_OBJC_WEAK = YES;
				CLANG_WARN_BLOCK_CAPTURE_AUTORELEASING = YES;
				CLANG_WARN_BOOL_CONVERSION = YES;
				CLANG_WARN_COMMA = YES;
				CLANG_WARN_CONSTANT_CONVERSION = YES;
				CLANG_WARN_DEPRECATED_OBJC_IMPLEMENTATIONS = YES;
				CLANG_WARN_DIRECT_OBJC_ISA_USAGE = YES_ERROR;
				CLANG_WARN_DOCUMENTATION_COMMENTS = YES;
				CLANG_WARN_EMPTY_BODY = YES;
				CLANG_WARN_ENUM_CONVERSION = YES;
				CLANG_WARN_INFINITE_RECURSION = YES;
				CLANG_WARN_INT_CONVERSION = YES;
				CLANG_WARN_NON_LITERAL_NULL_CONVERSION = YES;
				CLANG_WARN_OBJC_IMPLICIT_RETAIN_SELF = YES;
				CLANG_WARN_OBJC_LITERAL_CONVERSION = YES;
				CLANG_WARN_OBJC_ROOT_CLASS = YES_ERROR;
				CLANG_WARN_QUOTED_INCLUDE_IN_FRAMEWORK_HEADER = YES;
				CLANG_WARN_RANGE_LOOP_ANALYSIS = YES;
				CLANG_WARN_STRICT_PROTOTYPES = YES;
				CLANG_WARN_SUSPICIOUS_MOVE = YES;
				CLANG_WARN_UNGUARDED_AVAILABILITY = YES_AGGRESSIVE;
				CLANG_WARN_UNREACHABLE_CODE = YES;
				CLANG_WARN__DUPLICATE_METHOD_MATCH = YES;
				COPY_PHASE_STRIP = NO;
				DEBUG_INFORMATION_FORMAT = "dwarf-with-dsym";
				DEVELOPMENT_TEAM = 533642PZAM;
				ENABLE_NS_ASSERTIONS = NO;
				ENABLE_STRICT_OBJC_MSGSEND = YES;
				ENABLE_USER_SCRIPT_SANDBOXING = YES;
				GCC_C_LANGUAGE_STANDARD = gnu17;
				GCC_NO_COMMON_BLOCKS = YES;
				GCC_WARN_64_TO_32_BIT_CONVERSION = YES;
				GCC_WARN_ABOUT_RETURN_TYPE = YES_ERROR;
				GCC_WARN_UNDECLARED_SELECTOR = YES;
				GCC_WARN_UNINITIALIZED_AUTOS = YES_AGGRESSIVE;
				GCC_WARN_UNUSED_FUNCTION = YES;
				GCC_WARN_UNUSED_VARIABLE = YES;
				IPHONEOS_DEPLOYMENT_TARGET = 18.5;
				LOCALIZATION_PREFERS_STRING_CATALOGS = YES;
				MTL_ENABLE_DEBUG_INFO = NO;
				MTL_FAST_MATH = YES;
				SDKROOT = iphoneos;
				SWIFT_COMPILATION_MODE = wholemodule;
				VALIDATE_PRODUCT = YES;
			};
			name = Release;
		};
		170471232F7D919900BF1429 /* Debug */ = {
			isa = XCBuildConfiguration;
			buildSettings = {
				ASSETCATALOG_COMPILER_APPICON_NAME = AppIcon;
				ASSETCATALOG_COMPILER_GLOBAL_ACCENT_COLOR_NAME = AccentColor;
				CODE_SIGN_STYLE = Automatic;
				CURRENT_PROJECT_VERSION = 1;
				DEVELOPMENT_TEAM = 533642PZAM;
				ENABLE_PREVIEWS = YES;
				GENERATE_INFOPLIST_FILE = YES;
				INFOPLIST_KEY_UIApplicationSceneManifest_Generation = YES;
				INFOPLIST_KEY_UIApplicationSupportsIndirectInputEvents = YES;
				INFOPLIST_KEY_UILaunchScreen_Generation = YES;
				INFOPLIST_KEY_UISupportedInterfaceOrientations_iPad = "UIInterfaceOrientationPortrait UIInterfaceOrientationPortraitUpsideDown UIInterfaceOrientationLandscapeLeft UIInterfaceOrientationLandscapeRight";
				INFOPLIST_KEY_UISupportedInterfaceOrientations_iPhone = "UIInterfaceOrientationPortrait UIInterfaceOrientationLandscapeLeft UIInterfaceOrientationLandscapeRight";
				LD_RUNPATH_SEARCH_PATHS = (
					"$(inherited)",
					"@executable_path/Frameworks",
				);
				MARKETING_VERSION = 1.0;
				PRODUCT_BUNDLE_IDENTIFIER = "com.purrsoot.pursootapp-ios";
				PRODUCT_NAME = "$(TARGET_NAME)";
				SWIFT_EMIT_LOC_STRINGS = YES;
				SWIFT_VERSION = 5.0;
				TARGETED_DEVICE_FAMILY = "1,2";
			};
			name = Debug;
		};
		170471242F7D919900BF1429 /* Release */ = {
			isa = XCBuildConfiguration;
			buildSettings = {
				ASSETCATALOG_COMPILER_APPICON_NAME = AppIcon;
				ASSETCATALOG_COMPILER_GLOBAL_ACCENT_COLOR_NAME = AccentColor;
				CODE_SIGN_STYLE = Automatic;
				CURRENT_PROJECT_VERSION = 1;
				DEVELOPMENT_TEAM = 533642PZAM;
				ENABLE_PREVIEWS = YES;
				GENERATE_INFOPLIST_FILE = YES;
				INFOPLIST_KEY_UIApplicationSceneManifest_Generation = YES;
				INFOPLIST_KEY_UIApplicationSupportsIndirectInputEvents = YES;
				INFOPLIST_KEY_UILaunchScreen_Generation = YES;
				INFOPLIST_KEY_UISupportedInterfaceOrientations_iPad = "UIInterfaceOrientationPortrait UIInterfaceOrientationPortraitUpsideDown UIInterfaceOrientationLandscapeLeft UIInterfaceOrientationLandscapeRight";
				INFOPLIST_KEY_UISupportedInterfaceOrientations_iPhone = "UIInterfaceOrientationPortrait UIInterfaceOrientationLandscapeLeft UIInterfaceOrientationLandscapeRight";
				LD_RUNPATH_SEARCH_PATHS = (
					"$(inherited)",
					"@executable_path/Frameworks",
				);
				MARKETING_VERSION = 1.0;
				PRODUCT_BUNDLE_IDENTIFIER = "com.purrsoot.pursootapp-ios";
				PRODUCT_NAME = "$(TARGET_NAME)";
				SWIFT_EMIT_LOC_STRINGS = YES;
				SWIFT_VERSION = 5.0;
				TARGETED_DEVICE_FAMILY = "1,2";
			};
			name = Release;
		};
		170471262F7D919900BF1429 /* Debug */ = {
			isa = XCBuildConfiguration;
			buildSettings = {
				BUNDLE_LOADER = "$(TEST_HOST)";
				CODE_SIGN_STYLE = Automatic;
				CURRENT_PROJECT_VERSION = 1;
				DEVELOPMENT_TEAM = 533642PZAM;
				GENERATE_INFOPLIST_FILE = YES;
				IPHONEOS_DEPLOYMENT_TARGET = 18.5;
				MARKETING_VERSION = 1.0;
				PRODUCT_BUNDLE_IDENTIFIER = "com.purrsoot.pursootapp-iosTests";
				PRODUCT_NAME = "$(TARGET_NAME)";
				SWIFT_EMIT_LOC_STRINGS = NO;
				SWIFT_VERSION = 5.0;
				TARGETED_DEVICE_FAMILY = "1,2";
				TEST_HOST = "$(BUILT_PRODUCTS_DIR)/pursootapp-ios.app/$(BUNDLE_EXECUTABLE_FOLDER_PATH)/pursootapp-ios";
			};
			name = Debug;
		};
		170471272F7D919900BF1429 /* Release */ = {
			isa = XCBuildConfiguration;
			buildSettings = {
				BUNDLE_LOADER = "$(TEST_HOST)";
				CODE_SIGN_STYLE = Automatic;
				CURRENT_PROJECT_VERSION = 1;
				DEVELOPMENT_TEAM = 533642PZAM;
				GENERATE_INFOPLIST_FILE = YES;
				IPHONEOS_DEPLOYMENT_TARGET = 18.5;
				MARKETING_VERSION = 1.0;
				PRODUCT_BUNDLE_IDENTIFIER = "com.purrsoot.pursootapp-iosTests";
				PRODUCT_NAME = "$(TARGET_NAME)";
				SWIFT_EMIT_LOC_STRINGS = NO;
				SWIFT_VERSION = 5.0;
				TARGETED_DEVICE_FAMILY = "1,2";
				TEST_HOST = "$(BUILT_PRODUCTS_DIR)/pursootapp-ios.app/$(BUNDLE_EXECUTABLE_FOLDER_PATH)/pursootapp-ios";
			};
			name = Release;
		};
		170471292F7D919900BF1429 /* Debug */ = {
			isa = XCBuildConfiguration;
			buildSettings = {
				CODE_SIGN_STYLE = Automatic;
				CURRENT_PROJECT_VERSION = 1;
				DEVELOPMENT_TEAM = 533642PZAM;
				GENERATE_INFOPLIST_FILE = YES;
				MARKETING_VERSION = 1.0;
				PRODUCT_BUNDLE_IDENTIFIER = "com.purrsoot.pursootapp-iosUITests";
				PRODUCT_NAME = "$(TARGET_NAME)";
				SWIFT_EMIT_LOC_STRINGS = NO;
				SWIFT_VERSION = 5.0;
				TARGETED_DEVICE_FAMILY = "1,2";
				TEST_TARGET_NAME = "pursootapp-ios";
			};
			name = Debug;
		};
		1704712A2F7D919900BF1429 /* Release */ = {
			isa = XCBuildConfiguration;
			buildSettings = {
				CODE_SIGN_STYLE = Automatic;
				CURRENT_PROJECT_VERSION = 1;
				DEVELOPMENT_TEAM = 533642PZAM;
				GENERATE_INFOPLIST_FILE = YES;
				MARKETING_VERSION = 1.0;
				PRODUCT_BUNDLE_IDENTIFIER = "com.purrsoot.pursootapp-iosUITests";
				PRODUCT_NAME = "$(TARGET_NAME)";
				SWIFT_EMIT_LOC_STRINGS = NO;
				SWIFT_VERSION = 5.0;
				TARGETED_DEVICE_FAMILY = "1,2";
				TEST_TARGET_NAME = "pursootapp-ios";
			};
			name = Release;
		};
/* End XCBuildConfiguration section */

/* Begin XCConfigurationList section */
		170470FC2F7D919700BF1429 /* Build configuration list for PBXProject "pursootapp-ios" */ = {
			isa = XCConfigurationList;
			buildConfigurations = (
				170471202F7D919900BF1429 /* Debug */,
				170471212F7D919900BF1429 /* Release */,
			);
			defaultConfigurationIsVisible = 0;
			defaultConfigurationName = Release;
		};
		170471222F7D919900BF1429 /* Build configuration list for PBXNativeTarget "pursootapp-ios" */ = {
			isa = XCConfigurationList;
			buildConfigurations = (
				170471232F7D919900BF1429 /* Debug */,
				170471242F7D919900BF1429 /* Release */,
			);
			defaultConfigurationIsVisible = 0;
			defaultConfigurationName = Release;
		};
		170471252F7D919900BF1429 /* Build configuration list for PBXNativeTarget "pursootapp-iosTests" */ = {
			isa = XCConfigurationList;
			buildConfigurations = (
				170471262F7D919900BF1429 /* Debug */,
				170471272F7D919900BF1429 /* Release */,
			);
			defaultConfigurationIsVisible = 0;
			defaultConfigurationName = Release;
		};
		170471282F7D919900BF1429 /* Build configuration list for PBXNativeTarget "pursootapp-iosUITests" */ = {
			isa = XCConfigurationList;
			buildConfigurations = (
				170471292F7D919900BF1429 /* Debug */,
				1704712A2F7D919900BF1429 /* Release */,
			);
			defaultConfigurationIsVisible = 0;
			defaultConfigurationName = Release;
		};
/* End XCConfigurationList section */
	};
	rootObject = 170470F92F7D919700BF1429 /* Project object */;
}
